<?xml version="1.0" encoding="utf-8"?>
<Project ToolsVersion="4.0" xmlns="http://schemas.microsoft.com/developer/msbuild/2003">
  <ItemGroup>
    <Filter Include="Source Files">
      <UniqueIdentifier>{41dca0eb-efc7-4354-8084-158c6a9b44d3}</UniqueIdentifier>
      <Extensions>cpp;c;cxx;def;odl;idl;hpj;bat;asm</Extensions>
    </Filter>
    <Filter Include="Header Files">
      <UniqueIdentifier>{83aa972a-29c1-49cc-876a-4cfb7d205669}</UniqueIdentifier>
      <Extensions>h;hpp;hxx;hm;inl;inc</Extensions>
    </Filter>
    <Filter Include="Resource Files">
      <UniqueIdentifier>{93c6777a-98c0-4dd9-8ded-9bc8002a2009}</UniqueIdentifier>
      <Extensions>rc;ico;cur;bmp;dlg;rc2;rct;bin;rgs;jpg;jpeg;jpe;manifest</Extensions>
    </Filter>
    <Filter Include="Resource Files\Icons">
      <UniqueIdentifier>{2b38c299-7e64-46fe-95b3-26952ee267f8}</UniqueIdentifier>
    </Filter>
    <Filter Include="Views">
      <UniqueIdentifier>{c8f7abdc-fdef-43e1-aac1-119bebdbddda}</UniqueIdentifier>
    </Filter>
  </ItemGroup>
  <ItemGroup>
    <ClCompile Include="CLRExplorer.cpp">
      <Filter>Source Files</Filter>
    </ClCompile>
    <ClCompile Include="MainFrm.cpp">
      <Filter>Source Files</Filter>
    </ClCompile>
    <ClCompile Include="AboutDlg.cpp">
      <Filter>Source Files</Filter>
    </ClCompile>
    <ClCompile Include="pch.cpp">
      <Filter>Source Files</Filter>
    </ClCompile>
    <ClCompile Include="TreeViewManager.cpp">
      <Filter>Source Files</Filter>
    </ClCompile>
    <ClCompile Include="ProcessSelectDlg.cpp">
      <Filter>Source Files</Filter>
    </ClCompile>
    <ClCompile Include="GenericListView.cpp">
      <Filter>Source Files</Filter>
    </ClCompile>
    <ClCompile Include="GenericView.cpp">
      <Filter>Source Files</Filter>
    </ClCompile>
    <ClCompile Include="SummaryView.cpp">
      <Filter>Views</Filter>
    </ClCompile>
    <ClCompile Include="TabFactory.cpp">
      <Filter>Source Files</Filter>
    </ClCompile>
    <ClCompile Include="SortHelper.cpp">
      <Filter>Source Files</Filter>
    </ClCompile>
    <ClCompile Include="AssembliesView.cpp">
      <Filter>Views</Filter>
    </ClCompile>
    <ClCompile Include="FormatHelper.cpp">
      <Filter>Source Files</Filter>
    </ClCompile>
    <ClCompile Include="SyncBlocksView.cpp">
      <Filter>Views</Filter>
    </ClCompile>
    <ClCompile Include="ThreadsView.cpp">
      <Filter>Views</Filter>
    </ClCompile>
    <ClCompile Include="ObjectsView.cpp">
      <Filter>Views</Filter>
    </ClCompile>
    <ClCompile Include="StringsView.cpp">
      <Filter>Views</Filter>
    </ClCompile>
    <ClCompile Include="HeapStatsView.cpp">
      <Filter>Views</Filter>
    </ClCompile>
    <ClCompile Include="ModulesView.cpp">
      <Filter>Views</Filter>
    </ClCompile>
  </ItemGroup>
  <ItemGroup>
    <ClInclude Include="MainFrm.h">
      <Filter>Header Files</Filter>
    </ClInclude>
    <ClInclude Include="AboutDlg.h">
      <Filter>Header Files</Filter>
    </ClInclude>
    <ClInclude Include="resource.h">
      <Filter>Header Files</Filter>
    </ClInclude>
    <ClInclude Include="pch.h">
      <Filter>Header Files</Filter>
    </ClInclude>
    <ClInclude Include="TreeViewManager.h">
      <Filter>Header Files</Filter>
    </ClInclude>
    <ClInclude Include="ProcessSelectDlg.h">
      <Filter>Header Files</Filter>
    </ClInclude>
    <ClInclude Include="VirtualListView.h">
      <Filter>Header Files</Filter>
    </ClInclude>
    <ClInclude Include="GenericListView.h">
      <Filter>Header Files</Filter>
    </ClInclude>
    <ClInclude Include="GenericView.h">
      <Filter>Header Files</Filter>
    </ClInclude>
    <ClInclude Include="Interfaces.h">
      <Filter>Header Files</Filter>
    </ClInclude>
    <ClInclude Include="SummaryView.h">
      <Filter>Views</Filter>
    </ClInclude>
    <ClInclude Include="TabFactory.h">
      <Filter>Header Files</Filter>
    </ClInclude>
    <ClInclude Include="SortHelper.h">
      <Filter>Header Files</Filter>
    </ClInclude>
    <ClInclude Include="AssembliesView.h">
      <Filter>Views</Filter>
    </ClInclude>
    <ClInclude Include="FormatHelper.h">
      <Filter>Header Files</Filter>
    </ClInclude>
    <ClInclude Include="SyncBlocksView.h">
      <Filter>Views</Filter>
    </ClInclude>
    <ClInclude Include="ThreadsView.h">
      <Filter>Views</Filter>
    </ClInclude>
    <ClInclude Include="ObjectsView.h">
      <Filter>Views</Filter>
    </ClInclude>
    <ClInclude Include="StringsView.h">
      <Filter>Views</Filter>
    </ClInclude>
    <ClInclude Include="SortedFilteredVector.h">
      <Filter>Header Files</Filter>
    </ClInclude>
    <ClInclude Include="QuickFIlterDialogBar.h">
      <Filter>Header Files</Filter>
    </ClInclude>
    <ClInclude Include="HeapStatsView.h">
      <Filter>Views</Filter>
    </ClInclude>
    <ClInclude Include="ModulesView.h">
      <Filter>Views</Filter>
    </ClInclude>
    <ClInclude Include="IListView.h">
      <Filter>Header Files</Filter>
    </ClInclude>
    <ClInclude Include="ToolBarHelper.h">
      <Filter>Header Files</Filter>
    </ClInclude>
  </ItemGroup>
  <ItemGroup>
    <ResourceCompile Include="CLRExplorer.rc">
      <Filter>Resource Files</Filter>
    </ResourceCompile>
  </ItemGroup>
  <ItemGroup>
    <Image Include="res\application.ico">
      <Filter>Resource Files\Icons</Filter>
    </Image>
    <Image Include="res\assembly-filled.ico">
      <Filter>Resource Files\Icons</Filter>
    </Image>
    <Image Include="res\button-refresh.ico">
      <Filter>Resource Files\Icons</Filter>
    </Image>
    <Image Include="res\class-filled.ico">
      <Filter>Resource Files\Icons</Filter>
    </Image>
    <Image Include="res\close.ico">
      <Filter>Resource Files\Icons</Filter>
    </Image>
    <Image Include="res\close-all.ico">
      <Filter>Resource Files\Icons</Filter>
    </Image>
    <Image Include="res\CLRExplorer.ico">
      <Filter>Resource Files\Icons</Filter>
    </Image>
    <Image Include="res\library.ico">
      <Filter>Resource Files\Icons</Filter>
    </Image>
    <Image Include="res\module-filled.ico">
      <Filter>Resource Files\Icons</Filter>
    </Image>
    <Image Include="res\open-filled.ico">
      <Filter>Resource Files\Icons</Filter>
    </Image>
    <Image Include="res\package-filled.ico">
      <Filter>Resource Files\Icons</Filter>
    </Image>
    <Image Include="res\pin-green-filled.ico">
      <Filter>Resource Files\Icons</Filter>
    </Image>
    <Image Include="res\process-attach.ico">
      <Filter>Resource Files\Icons</Filter>
    </Image>
    <Image Include="res\threads-filled.ico">
      <Filter>Resource Files\Icons</Filter>
    </Image>
    <Image Include="res\threads-cloud-filled.ico">
      <Filter>Resource Files\Icons</Filter>
    </Image>
    <Image Include="res\button-info.ico">
      <Filter>Resource Files\Icons</Filter>
    </Image>
    <Image Include="res\assembly-filled-gear.ico">
      <Filter>Resource Files\Icons</Filter>
    </Image>
    <Image Include="res\padlock-filled.ico">
      <Filter>Resource Files\Icons</Filter>
    </Image>
    <Image Include="res\padlock-open-filled.ico">
      <Filter>Resource Files\Icons</Filter>
    </Image>
    <Image Include="res\padlock-round-filled.ico">
      <Filter>Resource Files\Icons</Filter>
    </Image>
    <Image Include="res\threads-dead.ico">
      <Filter>Resource Files\Icons</Filter>
    </Image>
    <Image Include="res\clipboard-copy.ico">
      <Filter>Resource Files\Icons</Filter>
    </Image>
    <Image Include="res\memory-filled.ico">
      <Filter>Resource Files\Icons</Filter>
    </Image>
    <Image Include="res\string.ico">
      <Filter>Resource Files\Icons</Filter>
    </Image>
    <Image Include="res\free.ico">
      <Filter>Resource Files\Icons</Filter>
    </Image>
    <Image Include="res\grid.ico">
      <Filter>Resource Files\Icons</Filter>
    </Image>
    <Image Include="res\memory-stats-filled.ico">
      <Filter>Resource Files\Icons</Filter>
    </Image>
    <Image Include="res\object-filled.ico">
      <Filter>Resource Files\Icons</Filter>
    </Image>
  </ItemGroup>
  <ItemGroup>
    <None Include="packages.config" />
  </ItemGroup>
</Project>